
Microsoft Visual Studio Solution File, Format Version 12.00
# Visual Studio Version 17
VisualStudioVersion = 17.3.32825.248
MinimumVisualStudioVersion = 10.0.40219.1
Project("{9A19103F-16F7-4668-BE54-9A1E7A4F7556}") = "MISA.AMIS.KeToan.API", "MISA.AMIS.KeToan.API\MISA.AMIS.KeToan.API.csproj", "{6A5FD692-70AC-4D40-A9DB-4088150172D4}"
EndProject
Project("{FAE04EC0-301F-11D3-BF4B-00C04F79EFBC}") = "MISA.AMIS.KeToan.API.UnitTests", "MISA.AMIS.KeToan.API.UnitTests\MISA.AMIS.KeToan.API.UnitTests.csproj", "{7B1C1717-FC50-422C-BF6A-4150BB513C9C}"
EndProject
Global
	GlobalSection(SolutionConfigurationPlatforms) = preSolution
		Debug|Any CPU = Debug|Any CPU
		Release|Any CPU = Release|Any CPU
	EndGlobalSection
	GlobalSection(ProjectConfigurationPlatforms) = postSolution
		{6A5FD692-70AC-4D40-A9DB-4088150172D4}.Debug|Any CPU.ActiveCfg = Debug|Any CPU
		{6A5FD692-70AC-4D40-A9DB-4088150172D4}.Debug|Any CPU.Build.0 = Debug|Any CPU
		{6A5FD692-70AC-4D40-A9DB-4088150172D4}.Release|Any CPU.ActiveCfg = Release|Any CPU
		{6A5FD692-70AC-4D40-A9DB-4088150172D4}.Release|Any CPU.Build.0 = Release|Any CPU
		{7B1C1717-FC50-422C-BF6A-4150BB513C9C}.Debug|Any CPU.ActiveCfg = Debug|Any CPU
		{7B1C1717-FC50-422C-BF6A-4150BB513C9C}.Debug|Any CPU.Build.0 = Debug|Any CPU
		{7B1C1717-FC50-422C-BF6A-4150BB513C9C}.Release|Any CPU.ActiveCfg = Release|Any CPU
		{7B1C1717-FC50-422C-BF6A-4150BB513C9C}.Release|Any CPU.Build.0 = Release|Any CPU
	EndGlobalSection
	GlobalSection(SolutionProperties) = preSolution
		HideSolutionNode = FALSE
	EndGlobalSection
	GlobalSection(ExtensibilityGlobals) = postSolution
		SolutionGuid = {F7672A1D-7AB6-40F5-BD5E-4E06F105AA79}
	EndGlobalSection
EndGlobal
