
Microsoft Visual Studio Solution File, Format Version 12.00
# Visual Studio Version 17
VisualStudioVersion = 17.3.32825.248
MinimumVisualStudioVersion = 10.0.40219.1
Project("{9A19103F-16F7-4668-BE54-9A1E7A4F7556}") = "MISA.AMIS.KeToan.API", "MISA.AMIS.KeToan.API.csproj", "{054D810C-B9ED-4B15-BBF3-A86B3631D7A8}"
EndProject
Project("{9A19103F-16F7-4668-BE54-9A1E7A4F7556}") = "MISA.AMIS.KeToan.BL", "..\MISA.AMIS.KeToan.BL\MISA.AMIS.KeToan.BL.csproj", "{7E7B1848-4328-43CB-80CA-EC42738D643A}"
EndProject
Project("{9A19103F-16F7-4668-BE54-9A1E7A4F7556}") = "MISA.AMIS.KeToan.BL.UnitTests", "..\MISA.AMIS.KeToan.BL.UnitTests\MISA.AMIS.KeToan.BL.UnitTests.csproj", "{2709B52C-91AB-4396-BF59-5F7211F476E9}"
EndProject
Project("{9A19103F-16F7-4668-BE54-9A1E7A4F7556}") = "MISA.AMIS.KeToan.Common", "..\MISA.AMIS.KeToan.Common\MISA.AMIS.KeToan.Common.csproj", "{1F6712F8-9D37-47D9-A314-6467DAA9EB9B}"
EndProject
Project("{9A19103F-16F7-4668-BE54-9A1E7A4F7556}") = "MISA.AMIS.KeToan.DL", "..\MISA.AMIS.KeToan.DL\MISA.AMIS.KeToan.DL.csproj", "{3A5FF0C3-1FEB-42A0-9FC0-DE846A2C61DE}"
EndProject
Global
	GlobalSection(SolutionConfigurationPlatforms) = preSolution
		Debug|Any CPU = Debug|Any CPU
		Release|Any CPU = Release|Any CPU
	EndGlobalSection
	GlobalSection(ProjectConfigurationPlatforms) = postSolution
		{054D810C-B9ED-4B15-BBF3-A86B3631D7A8}.Debug|Any CPU.ActiveCfg = Debug|Any CPU
		{054D810C-B9ED-4B15-BBF3-A86B3631D7A8}.Debug|Any CPU.Build.0 = Debug|Any CPU
		{054D810C-B9ED-4B15-BBF3-A86B3631D7A8}.Release|Any CPU.ActiveCfg = Release|Any CPU
		{054D810C-B9ED-4B15-BBF3-A86B3631D7A8}.Release|Any CPU.Build.0 = Release|Any CPU
		{7E7B1848-4328-43CB-80CA-EC42738D643A}.Debug|Any CPU.ActiveCfg = Debug|Any CPU
		{7E7B1848-4328-43CB-80CA-EC42738D643A}.Debug|Any CPU.Build.0 = Debug|Any CPU
		{7E7B1848-4328-43CB-80CA-EC42738D643A}.Release|Any CPU.ActiveCfg = Release|Any CPU
		{7E7B1848-4328-43CB-80CA-EC42738D643A}.Release|Any CPU.Build.0 = Release|Any CPU
		{2709B52C-91AB-4396-BF59-5F7211F476E9}.Debug|Any CPU.ActiveCfg = Debug|Any CPU
		{2709B52C-91AB-4396-BF59-5F7211F476E9}.Debug|Any CPU.Build.0 = Debug|Any CPU
		{2709B52C-91AB-4396-BF59-5F7211F476E9}.Release|Any CPU.ActiveCfg = Release|Any CPU
		{2709B52C-91AB-4396-BF59-5F7211F476E9}.Release|Any CPU.Build.0 = Release|Any CPU
		{1F6712F8-9D37-47D9-A314-6467DAA9EB9B}.Debug|Any CPU.ActiveCfg = Debug|Any CPU
		{1F6712F8-9D37-47D9-A314-6467DAA9EB9B}.Debug|Any CPU.Build.0 = Debug|Any CPU
		{1F6712F8-9D37-47D9-A314-6467DAA9EB9B}.Release|Any CPU.ActiveCfg = Release|Any CPU
		{1F6712F8-9D37-47D9-A314-6467DAA9EB9B}.Release|Any CPU.Build.0 = Release|Any CPU
		{3A5FF0C3-1FEB-42A0-9FC0-DE846A2C61DE}.Debug|Any CPU.ActiveCfg = Debug|Any CPU
		{3A5FF0C3-1FEB-42A0-9FC0-DE846A2C61DE}.Debug|Any CPU.Build.0 = Debug|Any CPU
		{3A5FF0C3-1FEB-42A0-9FC0-DE846A2C61DE}.Release|Any CPU.ActiveCfg = Release|Any CPU
		{3A5FF0C3-1FEB-42A0-9FC0-DE846A2C61DE}.Release|Any CPU.Build.0 = Release|Any CPU
	EndGlobalSection
	GlobalSection(SolutionProperties) = preSolution
		HideSolutionNode = FALSE
	EndGlobalSection
	GlobalSection(ExtensibilityGlobals) = postSolution
		SolutionGuid = {F7672A1D-7AB6-40F5-BD5E-4E06F105AA79}
	EndGlobalSection
EndGlobal
